
Microsoft Visual Studio Solution File, Format Version 12.00
# Visual Studio Version 16
VisualStudioVersion = 16.0.31729.503
MinimumVisualStudioVersion = 10.0.40219.1
Project("{8BC9CEB8-8B4A-11D0-8D11-00A0C91BC942}") = "BinaryInfo", "BinaryInfo.vcxproj", "{36549515-81A7-49E3-AED2-14A6D8A0E921}"
EndProject
Project("{8BC9CEB8-8B4A-11D0-8D11-00A0C91BC942}") = "FileSessionTests", "FileSessionTests\FileSessionTests.vcxproj", "{2DB102A7-AB1D-4BE0-8D40-F6A36B7CDF8F}"
EndProject
Global
	GlobalSection(SolutionConfigurationPlatforms) = preSolution
		Debug|x64 = Debug|x64
		Debug|x86 = Debug|x86
		Release|x64 = Release|x64
		Release|x86 = Release|x86
	EndGlobalSection
	GlobalSection(ProjectConfigurationPlatforms) = postSolution
		{36549515-81A7-49E3-AED2-14A6D8A0E921}.Debug|x64.ActiveCfg = Debug|x64
		{36549515-81A7-49E3-AED2-14A6D8A0E921}.Debug|x64.Build.0 = Debug|x64
		{36549515-81A7-49E3-AED2-14A6D8A0E921}.Debug|x86.ActiveCfg = Debug|Win32
		{36549515-81A7-49E3-AED2-14A6D8A0E921}.Debug|x86.Build.0 = Debug|Win32
		{36549515-81A7-49E3-AED2-14A6D8A0E921}.Release|x64.ActiveCfg = Release|x64
		{36549515-81A7-49E3-AED2-14A6D8A0E921}.Release|x64.Build.0 = Release|x64
		{36549515-81A7-49E3-AED2-14A6D8A0E921}.Release|x86.ActiveCfg = Release|Win32
		{36549515-81A7-49E3-AED2-14A6D8A0E921}.Release|x86.Build.0 = Release|Win32
		{2DB102A7-AB1D-4BE0-8D40-F6A36B7CDF8F}.Debug|x64.ActiveCfg = Debug|x64
		{2DB102A7-AB1D-4BE0-8D40-F6A36B7CDF8F}.Debug|x64.Build.0 = Debug|x64
		{2DB102A7-AB1D-4BE0-8D40-F6A36B7CDF8F}.Debug|x86.ActiveCfg = Debug|Win32
		{2DB102A7-AB1D-4BE0-8D40-F6A36B7CDF8F}.Debug|x86.Build.0 = Debug|Win32
		{2DB102A7-AB1D-4BE0-8D40-F6A36B7CDF8F}.Release|x64.ActiveCfg = Release|x64
		{2DB102A7-AB1D-4BE0-8D40-F6A36B7CDF8F}.Release|x64.Build.0 = Release|x64
		{2DB102A7-AB1D-4BE0-8D40-F6A36B7CDF8F}.Release|x86.ActiveCfg = Release|Win32
		{2DB102A7-AB1D-4BE0-8D40-F6A36B7CDF8F}.Release|x86.Build.0 = Release|Win32
	EndGlobalSection
	GlobalSection(SolutionProperties) = preSolution
		HideSolutionNode = FALSE
	EndGlobalSection
	GlobalSection(ExtensibilityGlobals) = postSolution
		SolutionGuid = {9E35A24E-F76E-47AD-AE2A-63ECC78723CC}
	EndGlobalSection
EndGlobal
